
Microsoft Visual Studio Solution File, Format Version 12.00
# Visual Studio Version 17
VisualStudioVersion = 17.4.33110.190
MinimumVisualStudioVersion = 10.0.40219.1
Project("{9A19103F-16F7-4668-BE54-9A1E7A4F7556}") = "zaliczenie", "zaliczenie.csproj", "{5A00A880-F53C-4212-9E8B-AC52492D2499}"
EndProject
Global
	GlobalSection(SolutionConfigurationPlatforms) = preSolution
		Debug|Any CPU = Debug|Any CPU
		Release|Any CPU = Release|Any CPU
	EndGlobalSection
	GlobalSection(ProjectConfigurationPlatforms) = postSolution
		{5A00A880-F53C-4212-9E8B-AC52492D2499}.Debug|Any CPU.ActiveCfg = Debug|Any CPU
		{5A00A880-F53C-4212-9E8B-AC52492D2499}.Debug|Any CPU.Build.0 = Debug|Any CPU
		{5A00A880-F53C-4212-9E8B-AC52492D2499}.Release|Any CPU.ActiveCfg = Release|Any CPU
		{5A00A880-F53C-4212-9E8B-AC52492D2499}.Release|Any CPU.Build.0 = Release|Any CPU
	EndGlobalSection
	GlobalSection(SolutionProperties) = preSolution
		HideSolutionNode = FALSE
	EndGlobalSection
	GlobalSection(ExtensibilityGlobals) = postSolution
		SolutionGuid = {F9DDFFEF-1B0D-4E26-8740-25A53C3AA42C}
	EndGlobalSection
EndGlobal
